
Microsoft Visual Studio Solution File, Format Version 12.00
# Visual Studio Version 17
VisualStudioVersion = 17.4.33110.190
MinimumVisualStudioVersion = 10.0.40219.1
Project("{9A19103F-16F7-4668-BE54-9A1E7A4F7556}") = "BookStoreApp.API", "BookStoreApp.API\BookStoreApp.API.csproj", "{E374299A-1D19-432D-9848-B2A415735358}"
EndProject
Project("{2150E333-8FDC-42A3-9474-1A3956D46DE8}") = "Solution Items", "Solution Items", "{AA7D47EB-59E9-4FEC-B6FC-59CE0A980959}"
	ProjectSection(SolutionItems) = preProject
		needs.txt = needs.txt
	EndProjectSection
EndProject
Project("{9A19103F-16F7-4668-BE54-9A1E7A4F7556}") = "BookStoreApp.Blazor.Server.UI", "BookStoreApp.Blazor.Server.UI\BookStoreApp.Blazor.Server.UI.csproj", "{15277132-68F0-4781-A340-3C236B74933B}"
EndProject
Project("{9A19103F-16F7-4668-BE54-9A1E7A4F7556}") = "BookStoreApp.Blazor.WebAssembly.UI", "BookStoreApp.Blazor.WebAssembly.UI\BookStoreApp.Blazor.WebAssembly.UI.csproj", "{48479DD5-F28B-4682-8078-1933846BF7F7}"
EndProject
Global
	GlobalSection(SolutionConfigurationPlatforms) = preSolution
		Debug|Any CPU = Debug|Any CPU
		Release|Any CPU = Release|Any CPU
	EndGlobalSection
	GlobalSection(ProjectConfigurationPlatforms) = postSolution
		{E374299A-1D19-432D-9848-B2A415735358}.Debug|Any CPU.ActiveCfg = Debug|Any CPU
		{E374299A-1D19-432D-9848-B2A415735358}.Debug|Any CPU.Build.0 = Debug|Any CPU
		{E374299A-1D19-432D-9848-B2A415735358}.Release|Any CPU.ActiveCfg = Release|Any CPU
		{E374299A-1D19-432D-9848-B2A415735358}.Release|Any CPU.Build.0 = Release|Any CPU
		{15277132-68F0-4781-A340-3C236B74933B}.Debug|Any CPU.ActiveCfg = Debug|Any CPU
		{15277132-68F0-4781-A340-3C236B74933B}.Debug|Any CPU.Build.0 = Debug|Any CPU
		{15277132-68F0-4781-A340-3C236B74933B}.Release|Any CPU.ActiveCfg = Release|Any CPU
		{15277132-68F0-4781-A340-3C236B74933B}.Release|Any CPU.Build.0 = Release|Any CPU
		{48479DD5-F28B-4682-8078-1933846BF7F7}.Debug|Any CPU.ActiveCfg = Debug|Any CPU
		{48479DD5-F28B-4682-8078-1933846BF7F7}.Debug|Any CPU.Build.0 = Debug|Any CPU
		{48479DD5-F28B-4682-8078-1933846BF7F7}.Release|Any CPU.ActiveCfg = Release|Any CPU
		{48479DD5-F28B-4682-8078-1933846BF7F7}.Release|Any CPU.Build.0 = Release|Any CPU
	EndGlobalSection
	GlobalSection(SolutionProperties) = preSolution
		HideSolutionNode = FALSE
	EndGlobalSection
	GlobalSection(ExtensibilityGlobals) = postSolution
		SolutionGuid = {73B5F4D9-9553-4740-BCE8-4FADDE4B8101}
	EndGlobalSection
EndGlobal
